
Microsoft Visual Studio Solution File, Format Version 12.00
# Visual Studio Version 17
VisualStudioVersion = 17.5.33530.505
MinimumVisualStudioVersion = 10.0.40219.1
Project("{888888A0-9F3D-457C-B088-3A5042F75D52}") = "lab7-8", "lab7-8\lab7-8.pyproj", "{214B8B75-6237-4ACA-B982-DBE85B890714}"
EndProject
Global
	GlobalSection(SolutionConfigurationPlatforms) = preSolution
		Debug|Any CPU = Debug|Any CPU
		Release|Any CPU = Release|Any CPU
	EndGlobalSection
	GlobalSection(ProjectConfigurationPlatforms) = postSolution
		{214B8B75-6237-4ACA-B982-DBE85B890714}.Debug|Any CPU.ActiveCfg = Debug|Any CPU
		{214B8B75-6237-4ACA-B982-DBE85B890714}.Release|Any CPU.ActiveCfg = Release|Any CPU
	EndGlobalSection
	GlobalSection(SolutionProperties) = preSolution
		HideSolutionNode = FALSE
	EndGlobalSection
	GlobalSection(ExtensibilityGlobals) = postSolution
		SolutionGuid = {2E95B176-CB18-4CF8-99A4-5DBF5C255121}
	EndGlobalSection
EndGlobal
